// !$*UTF8*$!
{
	archiveVersion = 1;
	classes = {
	};
	objectVersion = 46;
	objects = {

/* Begin PBXBuildFile section */
		0353960F749D7D05634448CE /* Pods_AXSUITests.framework in Frameworks */ = {isa = PBXBuildFile; fileRef = 12C371B113479C737268EC44 /* Pods_AXSUITests.framework */; };
		4B15698C1D6E089F00B63DF5 /* Operations.swift in Sources */ = {isa = PBXBuildFile; fileRef = 4B15698B1D6E089F00B63DF5 /* Operations.swift */; };
		4B47D3A21D72097D00F856EE /* CollectionViewCell.swift in Sources */ = {isa = PBXBuildFile; fileRef = 4B47D3A11D72097D00F856EE /* CollectionViewCell.swift */; };
		4B47D3A61D7209CC00F856EE /* NewViewController.swift in Sources */ = {isa = PBXBuildFile; fileRef = 4B47D3A51D7209CC00F856EE /* NewViewController.swift */; };
		4B47D3A81D720B0000F856EE /* ComercialesViewController.swift in Sources */ = {isa = PBXBuildFile; fileRef = 4B47D3A71D720B0000F856EE /* ComercialesViewController.swift */; };
		4B47D3AA1D72314700F856EE /* NewCollectionViewCell.swift in Sources */ = {isa = PBXBuildFile; fileRef = 4B47D3A91D72314700F856EE /* NewCollectionViewCell.swift */; };
		4B47D3AC1D724BC100F856EE /* BigImageViewController.swift in Sources */ = {isa = PBXBuildFile; fileRef = 4B47D3AB1D724BC100F856EE /* BigImageViewController.swift */; };
		4BFC73CF1D7173ED00D4CC11 /* PromoItem.swift in Sources */ = {isa = PBXBuildFile; fileRef = 4BFC73CE1D7173ED00D4CC11 /* PromoItem.swift */; };
		93357B6CDBF6ABBC42943F9F /* Pods_AXSTests.framework in Frameworks */ = {isa = PBXBuildFile; fileRef = 34F2E0CD7C5945DA44F9821B /* Pods_AXSTests.framework */; };
		9DF418D71D5E2365000783DA /* LikeOrDislikeClassViewController.swift in Sources */ = {isa = PBXBuildFile; fileRef = 9DF418D61D5E2365000783DA /* LikeOrDislikeClassViewController.swift */; };
		9DF761CE1D50339F0080F562 /* AppDelegate.swift in Sources */ = {isa = PBXBuildFile; fileRef = 9DF761CD1D50339F0080F562 /* AppDelegate.swift */; };
		9DF761D71D50339F0080F562 /* Main.storyboard in Resources */ = {isa = PBXBuildFile; fileRef = 9DF761D51D50339F0080F562 /* Main.storyboard */; };
		9DF761D91D50339F0080F562 /* Assets.xcassets in Resources */ = {isa = PBXBuildFile; fileRef = 9DF761D81D50339F0080F562 /* Assets.xcassets */; };
		9DF761DC1D50339F0080F562 /* LaunchScreen.storyboard in Resources */ = {isa = PBXBuildFile; fileRef = 9DF761DA1D50339F0080F562 /* LaunchScreen.storyboard */; };
		9DF761E71D50339F0080F562 /* AXSTests.swift in Sources */ = {isa = PBXBuildFile; fileRef = 9DF761E61D50339F0080F562 /* AXSTests.swift */; };
		9DF761F21D50339F0080F562 /* AXSUITests.swift in Sources */ = {isa = PBXBuildFile; fileRef = 9DF761F11D50339F0080F562 /* AXSUITests.swift */; };
		9DF762061D5035AF0080F562 /* AXSPageViewController.swift in Sources */ = {isa = PBXBuildFile; fileRef = 9DF762051D5035AF0080F562 /* AXSPageViewController.swift */; };
		9DF7620A1D5063130080F562 /* Swipe3ClassViewController.swift in Sources */ = {isa = PBXBuildFile; fileRef = 9DF762091D5063130080F562 /* Swipe3ClassViewController.swift */; };
		9DF7620C1D5065220080F562 /* InformationClassViewController.swift in Sources */ = {isa = PBXBuildFile; fileRef = 9DF7620B1D5065220080F562 /* InformationClassViewController.swift */; };
		9DF7620E1D5440090080F562 /* BarCodeViewController.swift in Sources */ = {isa = PBXBuildFile; fileRef = 9DF7620D1D5440090080F562 /* BarCodeViewController.swift */; };
		DC65BF456CC045B6822DAE1F /* Pods_AXS.framework in Frameworks */ = {isa = PBXBuildFile; fileRef = 27B8FF552E4EE116B90FF999 /* Pods_AXS.framework */; settings = {ATTRIBUTES = (Required, ); }; };
/* End PBXBuildFile section */

/* Begin PBXContainerItemProxy section */
		9DF761E31D50339F0080F562 /* PBXContainerItemProxy */ = {
			isa = PBXContainerItemProxy;
			containerPortal = 9DF761C21D50339F0080F562 /* Project object */;
			proxyType = 1;
			remoteGlobalIDString = 9DF761C91D50339F0080F562;
			remoteInfo = AXS;
		};
		9DF761EE1D50339F0080F562 /* PBXContainerItemProxy */ = {
			isa = PBXContainerItemProxy;
			containerPortal = 9DF761C21D50339F0080F562 /* Project object */;
			proxyType = 1;
			remoteGlobalIDString = 9DF761C91D50339F0080F562;
			remoteInfo = AXS;
		};
/* End PBXContainerItemProxy section */

/* Begin PBXFileReference section */
		12C371B113479C737268EC44 /* Pods_AXSUITests.framework */ = {isa = PBXFileReference; explicitFileType = wrapper.framework; includeInIndex = 0; path = Pods_AXSUITests.framework; sourceTree = BUILT_PRODUCTS_DIR; };
		1D6E825A8C0C80C2CDEA305A /* Pods-AXSUITests.release.xcconfig */ = {isa = PBXFileReference; includeInIndex = 1; lastKnownFileType = text.xcconfig; name = "Pods-AXSUITests.release.xcconfig"; path = "Pods/Target Support Files/Pods-AXSUITests/Pods-AXSUITests.release.xcconfig"; sourceTree = "<group>"; };
		27B8FF552E4EE116B90FF999 /* Pods_AXS.framework */ = {isa = PBXFileReference; explicitFileType = wrapper.framework; includeInIndex = 0; path = Pods_AXS.framework; sourceTree = BUILT_PRODUCTS_DIR; };
		31D7CB3D704D3F6C123E3DF6 /* Pods-AXSUITests.debug.xcconfig */ = {isa = PBXFileReference; includeInIndex = 1; lastKnownFileType = text.xcconfig; name = "Pods-AXSUITests.debug.xcconfig"; path = "Pods/Target Support Files/Pods-AXSUITests/Pods-AXSUITests.debug.xcconfig"; sourceTree = "<group>"; };
		34F2E0CD7C5945DA44F9821B /* Pods_AXSTests.framework */ = {isa = PBXFileReference; explicitFileType = wrapper.framework; includeInIndex = 0; path = Pods_AXSTests.framework; sourceTree = BUILT_PRODUCTS_DIR; };
		4B15698B1D6E089F00B63DF5 /* Operations.swift */ = {isa = PBXFileReference; fileEncoding = 4; lastKnownFileType = sourcecode.swift; path = Operations.swift; sourceTree = "<group>"; };
		4B47D3A11D72097D00F856EE /* CollectionViewCell.swift */ = {isa = PBXFileReference; fileEncoding = 4; lastKnownFileType = sourcecode.swift; path = CollectionViewCell.swift; sourceTree = "<group>"; };
		4B47D3A51D7209CC00F856EE /* NewViewController.swift */ = {isa = PBXFileReference; fileEncoding = 4; lastKnownFileType = sourcecode.swift; path = NewViewController.swift; sourceTree = "<group>"; };
		4B47D3A71D720B0000F856EE /* ComercialesViewController.swift */ = {isa = PBXFileReference; fileEncoding = 4; lastKnownFileType = sourcecode.swift; path = ComercialesViewController.swift; sourceTree = "<group>"; };
		4B47D3A91D72314700F856EE /* NewCollectionViewCell.swift */ = {isa = PBXFileReference; fileEncoding = 4; lastKnownFileType = sourcecode.swift; path = NewCollectionViewCell.swift; sourceTree = "<group>"; };
		4B47D3AB1D724BC100F856EE /* BigImageViewController.swift */ = {isa = PBXFileReference; fileEncoding = 4; lastKnownFileType = sourcecode.swift; path = BigImageViewController.swift; sourceTree = "<group>"; };
		4BFC73CE1D7173ED00D4CC11 /* PromoItem.swift */ = {isa = PBXFileReference; fileEncoding = 4; lastKnownFileType = sourcecode.swift; path = PromoItem.swift; sourceTree = "<group>"; };
		5315F6AB10E058212A49CC09 /* Pods-AXS.debug.xcconfig */ = {isa = PBXFileReference; includeInIndex = 1; lastKnownFileType = text.xcconfig; name = "Pods-AXS.debug.xcconfig"; path = "Pods/Target Support Files/Pods-AXS/Pods-AXS.debug.xcconfig"; sourceTree = "<group>"; };
		6A80FE129F2E8C438313459C /* Pods-AXSTests.release.xcconfig */ = {isa = PBXFileReference; includeInIndex = 1; lastKnownFileType = text.xcconfig; name = "Pods-AXSTests.release.xcconfig"; path = "Pods/Target Support Files/Pods-AXSTests/Pods-AXSTests.release.xcconfig"; sourceTree = "<group>"; };
		9DF418D61D5E2365000783DA /* LikeOrDislikeClassViewController.swift */ = {isa = PBXFileReference; fileEncoding = 4; lastKnownFileType = sourcecode.swift; path = LikeOrDislikeClassViewController.swift; sourceTree = "<group>"; };
		9DF761CA1D50339F0080F562 /* AXS.app */ = {isa = PBXFileReference; explicitFileType = wrapper.application; includeInIndex = 0; path = AXS.app; sourceTree = BUILT_PRODUCTS_DIR; };
		9DF761CD1D50339F0080F562 /* AppDelegate.swift */ = {isa = PBXFileReference; lastKnownFileType = sourcecode.swift; path = AppDelegate.swift; sourceTree = "<group>"; };
		9DF761D61D50339F0080F562 /* Base */ = {isa = PBXFileReference; lastKnownFileType = file.storyboard; name = Base; path = Base.lproj/Main.storyboard; sourceTree = "<group>"; };
		9DF761D81D50339F0080F562 /* Assets.xcassets */ = {isa = PBXFileReference; lastKnownFileType = folder.assetcatalog; path = Assets.xcassets; sourceTree = "<group>"; };
		9DF761DB1D50339F0080F562 /* Base */ = {isa = PBXFileReference; lastKnownFileType = file.storyboard; name = Base; path = Base.lproj/LaunchScreen.storyboard; sourceTree = "<group>"; };
		9DF761DD1D50339F0080F562 /* Info.plist */ = {isa = PBXFileReference; lastKnownFileType = text.plist.xml; path = Info.plist; sourceTree = "<group>"; };
		9DF761E21D50339F0080F562 /* AXSTests.xctest */ = {isa = PBXFileReference; explicitFileType = wrapper.cfbundle; includeInIndex = 0; path = AXSTests.xctest; sourceTree = BUILT_PRODUCTS_DIR; };
		9DF761E61D50339F0080F562 /* AXSTests.swift */ = {isa = PBXFileReference; lastKnownFileType = sourcecode.swift; path = AXSTests.swift; sourceTree = "<group>"; };
		9DF761E81D50339F0080F562 /* Info.plist */ = {isa = PBXFileReference; lastKnownFileType = text.plist.xml; path = Info.plist; sourceTree = "<group>"; };
		9DF761ED1D50339F0080F562 /* AXSUITests.xctest */ = {isa = PBXFileReference; explicitFileType = wrapper.cfbundle; includeInIndex = 0; path = AXSUITests.xctest; sourceTree = BUILT_PRODUCTS_DIR; };
		9DF761F11D50339F0080F562 /* AXSUITests.swift */ = {isa = PBXFileReference; lastKnownFileType = sourcecode.swift; path = AXSUITests.swift; sourceTree = "<group>"; };
		9DF761F31D50339F0080F562 /* Info.plist */ = {isa = PBXFileReference; lastKnownFileType = text.plist.xml; path = Info.plist; sourceTree = "<group>"; };
		9DF762051D5035AF0080F562 /* AXSPageViewController.swift */ = {isa = PBXFileReference; fileEncoding = 4; lastKnownFileType = sourcecode.swift; path = AXSPageViewController.swift; sourceTree = "<group>"; };
		9DF762091D5063130080F562 /* Swipe3ClassViewController.swift */ = {isa = PBXFileReference; fileEncoding = 4; lastKnownFileType = sourcecode.swift; path = Swipe3ClassViewController.swift; sourceTree = "<group>"; };
		9DF7620B1D5065220080F562 /* InformationClassViewController.swift */ = {isa = PBXFileReference; fileEncoding = 4; lastKnownFileType = sourcecode.swift; path = InformationClassViewController.swift; sourceTree = "<group>"; };
		9DF7620D1D5440090080F562 /* BarCodeViewController.swift */ = {isa = PBXFileReference; fileEncoding = 4; lastKnownFileType = sourcecode.swift; path = BarCodeViewController.swift; sourceTree = "<group>"; };
		F219EF9581617D0D30B6DB52 /* Pods-AXSTests.debug.xcconfig */ = {isa = PBXFileReference; includeInIndex = 1; lastKnownFileType = text.xcconfig; name = "Pods-AXSTests.debug.xcconfig"; path = "Pods/Target Support Files/Pods-AXSTests/Pods-AXSTests.debug.xcconfig"; sourceTree = "<group>"; };
		F92DE344932F534DDEB0431C /* Pods-AXS.release.xcconfig */ = {isa = PBXFileReference; includeInIndex = 1; lastKnownFileType = text.xcconfig; name = "Pods-AXS.release.xcconfig"; path = "Pods/Target Support Files/Pods-AXS/Pods-AXS.release.xcconfig"; sourceTree = "<group>"; };
/* End PBXFileReference section */

/* Begin PBXFrameworksBuildPhase section */
		9DF761C71D50339F0080F562 /* Frameworks */ = {
			isa = PBXFrameworksBuildPhase;
			buildActionMask = 2147483647;
			files = (
				DC65BF456CC045B6822DAE1F /* Pods_AXS.framework in Frameworks */,
			);
			runOnlyForDeploymentPostprocessing = 0;
		};
		9DF761DF1D50339F0080F562 /* Frameworks */ = {
			isa = PBXFrameworksBuildPhase;
			buildActionMask = 2147483647;
			files = (
				93357B6CDBF6ABBC42943F9F /* Pods_AXSTests.framework in Frameworks */,
			);
			runOnlyForDeploymentPostprocessing = 0;
		};
		9DF761EA1D50339F0080F562 /* Frameworks */ = {
			isa = PBXFrameworksBuildPhase;
			buildActionMask = 2147483647;
			files = (
				0353960F749D7D05634448CE /* Pods_AXSUITests.framework in Frameworks */,
			);
			runOnlyForDeploymentPostprocessing = 0;
		};
/* End PBXFrameworksBuildPhase section */

/* Begin PBXGroup section */
		9DF761C11D50339F0080F562 = {
			isa = PBXGroup;
			children = (
				9DF761CC1D50339F0080F562 /* AXS */,
				9DF761E51D50339F0080F562 /* AXSTests */,
				9DF761F01D50339F0080F562 /* AXSUITests */,
				9DF761CB1D50339F0080F562 /* Products */,
				B57A33F3A1C5B560407101FF /* Pods */,
				B333066E914132B2DD10F2E3 /* Frameworks */,
			);
			sourceTree = "<group>";
		};
		9DF761CB1D50339F0080F562 /* Products */ = {
			isa = PBXGroup;
			children = (
				9DF761CA1D50339F0080F562 /* AXS.app */,
				9DF761E21D50339F0080F562 /* AXSTests.xctest */,
				9DF761ED1D50339F0080F562 /* AXSUITests.xctest */,
			);
			name = Products;
			sourceTree = "<group>";
		};
		9DF761CC1D50339F0080F562 /* AXS */ = {
			isa = PBXGroup;
			children = (
				9DF761CD1D50339F0080F562 /* AppDelegate.swift */,
				9DF761D51D50339F0080F562 /* Main.storyboard */,
				4B47D3A71D720B0000F856EE /* ComercialesViewController.swift */,
				4B47D3A11D72097D00F856EE /* CollectionViewCell.swift */,
				9DF7620D1D5440090080F562 /* BarCodeViewController.swift */,
				4B47D3A51D7209CC00F856EE /* NewViewController.swift */,
				4B47D3AB1D724BC100F856EE /* BigImageViewController.swift */,
				4B15698B1D6E089F00B63DF5 /* Operations.swift */,
				9DF418D61D5E2365000783DA /* LikeOrDislikeClassViewController.swift */,
				4BFC73CE1D7173ED00D4CC11 /* PromoItem.swift */,
				9DF762051D5035AF0080F562 /* AXSPageViewController.swift */,
				9DF762091D5063130080F562 /* Swipe3ClassViewController.swift */,
				9DF7620B1D5065220080F562 /* InformationClassViewController.swift */,
				9DF761D81D50339F0080F562 /* Assets.xcassets */,
				4B47D3A91D72314700F856EE /* NewCollectionViewCell.swift */,
				9DF761DA1D50339F0080F562 /* LaunchScreen.storyboard */,
				9DF761DD1D50339F0080F562 /* Info.plist */,
			);
			path = AXS;
			sourceTree = "<group>";
		};
		9DF761E51D50339F0080F562 /* AXSTests */ = {
			isa = PBXGroup;
			children = (
				9DF761E61D50339F0080F562 /* AXSTests.swift */,
				9DF761E81D50339F0080F562 /* Info.plist */,
			);
			path = AXSTests;
			sourceTree = "<group>";
		};
		9DF761F01D50339F0080F562 /* AXSUITests */ = {
			isa = PBXGroup;
			children = (
				9DF761F11D50339F0080F562 /* AXSUITests.swift */,
				9DF761F31D50339F0080F562 /* Info.plist */,
			);
			path = AXSUITests;
			sourceTree = "<group>";
		};
		B333066E914132B2DD10F2E3 /* Frameworks */ = {
			isa = PBXGroup;
			children = (
				27B8FF552E4EE116B90FF999 /* Pods_AXS.framework */,
				34F2E0CD7C5945DA44F9821B /* Pods_AXSTests.framework */,
				12C371B113479C737268EC44 /* Pods_AXSUITests.framework */,
			);
			name = Frameworks;
			sourceTree = "<group>";
		};
		B57A33F3A1C5B560407101FF /* Pods */ = {
			isa = PBXGroup;
			children = (
				5315F6AB10E058212A49CC09 /* Pods-AXS.debug.xcconfig */,
				F92DE344932F534DDEB0431C /* Pods-AXS.release.xcconfig */,
				F219EF9581617D0D30B6DB52 /* Pods-AXSTests.debug.xcconfig */,
				6A80FE129F2E8C438313459C /* Pods-AXSTests.release.xcconfig */,
				31D7CB3D704D3F6C123E3DF6 /* Pods-AXSUITests.debug.xcconfig */,
				1D6E825A8C0C80C2CDEA305A /* Pods-AXSUITests.release.xcconfig */,
			);
			name = Pods;
			sourceTree = "<group>";
		};
/* End PBXGroup section */

/* Begin PBXNativeTarget section */
		9DF761C91D50339F0080F562 /* AXS */ = {
			isa = PBXNativeTarget;
			buildConfigurationList = 9DF761F61D50339F0080F562 /* Build configuration list for PBXNativeTarget "AXS" */;
			buildPhases = (
				4ECAB7FE09A486B4E7BB8F4E /* [CP] Check Pods Manifest.lock */,
				9DF761C61D50339F0080F562 /* Sources */,
				9DF761C71D50339F0080F562 /* Frameworks */,
				9DF761C81D50339F0080F562 /* Resources */,
				047DB1EB314D240DC02E2347 /* [CP] Embed Pods Frameworks */,
				D3E055885A8A8C82A44EE0A1 /* [CP] Copy Pods Resources */,
			);
			buildRules = (
			);
			dependencies = (
			);
			name = AXS;
			productName = AXS;
			productReference = 9DF761CA1D50339F0080F562 /* AXS.app */;
			productType = "com.apple.product-type.application";
		};
		9DF761E11D50339F0080F562 /* AXSTests */ = {
			isa = PBXNativeTarget;
			buildConfigurationList = 9DF761F91D50339F0080F562 /* Build configuration list for PBXNativeTarget "AXSTests" */;
			buildPhases = (
				2E1AD39AE46E6353D071A33C /* [CP] Check Pods Manifest.lock */,
				9DF761DE1D50339F0080F562 /* Sources */,
				9DF761DF1D50339F0080F562 /* Frameworks */,
				9DF761E01D50339F0080F562 /* Resources */,
				6BB3B2B388B73187FBA799EC /* [CP] Embed Pods Frameworks */,
				5D2CB8DE3A8B17F3AE5E8B07 /* [CP] Copy Pods Resources */,
			);
			buildRules = (
			);
			dependencies = (
				9DF761E41D50339F0080F562 /* PBXTargetDependency */,
			);
			name = AXSTests;
			productName = AXSTests;
			productReference = 9DF761E21D50339F0080F562 /* AXSTests.xctest */;
			productType = "com.apple.product-type.bundle.unit-test";
		};
		9DF761EC1D50339F0080F562 /* AXSUITests */ = {
			isa = PBXNativeTarget;
			buildConfigurationList = 9DF761FC1D50339F0080F562 /* Build configuration list for PBXNativeTarget "AXSUITests" */;
			buildPhases = (
				2254CE6F3B4FF2B63FF348F1 /* [CP] Check Pods Manifest.lock */,
				9DF761E91D50339F0080F562 /* Sources */,
				9DF761EA1D50339F0080F562 /* Frameworks */,
				9DF761EB1D50339F0080F562 /* Resources */,
				2997EB147F811CE2FEDFCC46 /* [CP] Copy Pods Resources */,
			);
			buildRules = (
			);
			dependencies = (
				9DF761EF1D50339F0080F562 /* PBXTargetDependency */,
			);
			name = AXSUITests;
			productName = AXSUITests;
			productReference = 9DF761ED1D50339F0080F562 /* AXSUITests.xctest */;
			productType = "com.apple.product-type.bundle.ui-testing";
		};
/* End PBXNativeTarget section */

/* Begin PBXProject section */
		9DF761C21D50339F0080F562 /* Project object */ = {
			isa = PBXProject;
			attributes = {
				LastSwiftUpdateCheck = 0730;
				LastUpgradeCheck = 0730;
				ORGANIZATIONNAME = KoffeeTime;
				TargetAttributes = {
					9DF761C91D50339F0080F562 = {
						CreatedOnToolsVersion = 7.3.1;
						DevelopmentTeam = Y96946XS6Z;
					};
					9DF761E11D50339F0080F562 = {
						CreatedOnToolsVersion = 7.3.1;
						TestTargetID = 9DF761C91D50339F0080F562;
					};
					9DF761EC1D50339F0080F562 = {
						CreatedOnToolsVersion = 7.3.1;
						TestTargetID = 9DF761C91D50339F0080F562;
					};
				};
			};
			buildConfigurationList = 9DF761C51D50339F0080F562 /* Build configuration list for PBXProject "AXS" */;
			compatibilityVersion = "Xcode 3.2";
			developmentRegion = English;
			hasScannedForEncodings = 0;
			knownRegions = (
				en,
				Base,
			);
			mainGroup = 9DF761C11D50339F0080F562;
			productRefGroup = 9DF761CB1D50339F0080F562 /* Products */;
			projectDirPath = "";
			projectRoot = "";
			targets = (
				9DF761C91D50339F0080F562 /* AXS */,
				9DF761E11D50339F0080F562 /* AXSTests */,
				9DF761EC1D50339F0080F562 /* AXSUITests */,
			);
		};
/* End PBXProject section */

/* Begin PBXResourcesBuildPhase section */
		9DF761C81D50339F0080F562 /* Resources */ = {
			isa = PBXResourcesBuildPhase;
			buildActionMask = 2147483647;
			files = (
				9DF761DC1D50339F0080F562 /* LaunchScreen.storyboard in Resources */,
				9DF761D91D50339F0080F562 /* Assets.xcassets in Resources */,
				9DF761D71D50339F0080F562 /* Main.storyboard in Resources */,
			);
			runOnlyForDeploymentPostprocessing = 0;
		};
		9DF761E01D50339F0080F562 /* Resources */ = {
			isa = PBXResourcesBuildPhase;
			buildActionMask = 2147483647;
			files = (
			);
			runOnlyForDeploymentPostprocessing = 0;
		};
		9DF761EB1D50339F0080F562 /* Resources */ = {
			isa = PBXResourcesBuildPhase;
			buildActionMask = 2147483647;
			files = (
			);
			runOnlyForDeploymentPostprocessing = 0;
		};
/* End PBXResourcesBuildPhase section */

/* Begin PBXShellScriptBuildPhase section */
		047DB1EB314D240DC02E2347 /* [CP] Embed Pods Frameworks */ = {
			isa = PBXShellScriptBuildPhase;
			buildActionMask = 2147483647;
			files = (
			);
			inputPaths = (
			);
			name = "[CP] Embed Pods Frameworks";
			outputPaths = (
			);
			runOnlyForDeploymentPostprocessing = 0;
			shellPath = /bin/sh;
			shellScript = "\"${SRCROOT}/Pods/Target Support Files/Pods-AXS/Pods-AXS-frameworks.sh\"\n";
			showEnvVarsInLog = 0;
		};
		2254CE6F3B4FF2B63FF348F1 /* [CP] Check Pods Manifest.lock */ = {
			isa = PBXShellScriptBuildPhase;
			buildActionMask = 2147483647;
			files = (
			);
			inputPaths = (
			);
			name = "[CP] Check Pods Manifest.lock";
			outputPaths = (
			);
			runOnlyForDeploymentPostprocessing = 0;
			shellPath = /bin/sh;
			shellScript = "diff \"${PODS_ROOT}/../Podfile.lock\" \"${PODS_ROOT}/Manifest.lock\" > /dev/null\nif [[ $? != 0 ]] ; then\n    cat << EOM\nerror: The sandbox is not in sync with the Podfile.lock. Run 'pod install' or update your CocoaPods installation.\nEOM\n    exit 1\nfi\n";
			showEnvVarsInLog = 0;
		};
		2997EB147F811CE2FEDFCC46 /* [CP] Copy Pods Resources */ = {
			isa = PBXShellScriptBuildPhase;
			buildActionMask = 2147483647;
			files = (
			);
			inputPaths = (
			);
			name = "[CP] Copy Pods Resources";
			outputPaths = (
			);
			runOnlyForDeploymentPostprocessing = 0;
			shellPath = /bin/sh;
			shellScript = "\"${SRCROOT}/Pods/Target Support Files/Pods-AXSUITests/Pods-AXSUITests-resources.sh\"\n";
			showEnvVarsInLog = 0;
		};
		2E1AD39AE46E6353D071A33C /* [CP] Check Pods Manifest.lock */ = {
			isa = PBXShellScriptBuildPhase;
			buildActionMask = 2147483647;
			files = (
			);
			inputPaths = (
			);
			name = "[CP] Check Pods Manifest.lock";
			outputPaths = (
			);
			runOnlyForDeploymentPostprocessing = 0;
			shellPath = /bin/sh;
			shellScript = "diff \"${PODS_ROOT}/../Podfile.lock\" \"${PODS_ROOT}/Manifest.lock\" > /dev/null\nif [[ $? != 0 ]] ; then\n    cat << EOM\nerror: The sandbox is not in sync with the Podfile.lock. Run 'pod install' or update your CocoaPods installation.\nEOM\n    exit 1\nfi\n";
			showEnvVarsInLog = 0;
		};
		4ECAB7FE09A486B4E7BB8F4E /* [CP] Check Pods Manifest.lock */ = {
			isa = PBXShellScriptBuildPhase;
			buildActionMask = 2147483647;
			files = (
			);
			inputPaths = (
			);
			name = "[CP] Check Pods Manifest.lock";
			outputPaths = (
			);
			runOnlyForDeploymentPostprocessing = 0;
			shellPath = /bin/sh;
			shellScript = "diff \"${PODS_ROOT}/../Podfile.lock\" \"${PODS_ROOT}/Manifest.lock\" > /dev/null\nif [[ $? != 0 ]] ; then\n    cat << EOM\nerror: The sandbox is not in sync with the Podfile.lock. Run 'pod install' or update your CocoaPods installation.\nEOM\n    exit 1\nfi\n";
			showEnvVarsInLog = 0;
		};
		5D2CB8DE3A8B17F3AE5E8B07 /* [CP] Copy Pods Resources */ = {
			isa = PBXShellScriptBuildPhase;
			buildActionMask = 2147483647;
			files = (
			);
			inputPaths = (
			);
			name = "[CP] Copy Pods Resources";
			outputPaths = (
			);
			runOnlyForDeploymentPostprocessing = 0;
			shellPath = /bin/sh;
			shellScript = "\"${SRCROOT}/Pods/Target Support Files/Pods-AXSTests/Pods-AXSTests-resources.sh\"\n";
			showEnvVarsInLog = 0;
		};
		6BB3B2B388B73187FBA799EC /* [CP] Embed Pods Frameworks */ = {
			isa = PBXShellScriptBuildPhase;
			buildActionMask = 2147483647;
			files = (
			);
			inputPaths = (
			);
			name = "[CP] Embed Pods Frameworks";
			outputPaths = (
			);
			runOnlyForDeploymentPostprocessing = 0;
			shellPath = /bin/sh;
			shellScript = "\"${SRCROOT}/Pods/Target Support Files/Pods-AXSTests/Pods-AXSTests-frameworks.sh\"\n";
			showEnvVarsInLog = 0;
		};
		D3E055885A8A8C82A44EE0A1 /* [CP] Copy Pods Resources */ = {
			isa = PBXShellScriptBuildPhase;
			buildActionMask = 2147483647;
			files = (
			);
			inputPaths = (
			);
			name = "[CP] Copy Pods Resources";
			outputPaths = (
			);
			runOnlyForDeploymentPostprocessing = 0;
			shellPath = /bin/sh;
			shellScript = "\"${SRCROOT}/Pods/Target Support Files/Pods-AXS/Pods-AXS-resources.sh\"\n";
			showEnvVarsInLog = 0;
		};
/* End PBXShellScriptBuildPhase section */

/* Begin PBXSourcesBuildPhase section */
		9DF761C61D50339F0080F562 /* Sources */ = {
			isa = PBXSourcesBuildPhase;
			buildActionMask = 2147483647;
			files = (
				4BFC73CF1D7173ED00D4CC11 /* PromoItem.swift in Sources */,
				4B47D3A21D72097D00F856EE /* CollectionViewCell.swift in Sources */,
				9DF762061D5035AF0080F562 /* AXSPageViewController.swift in Sources */,
				4B47D3AA1D72314700F856EE /* NewCollectionViewCell.swift in Sources */,
				9DF418D71D5E2365000783DA /* LikeOrDislikeClassViewController.swift in Sources */,
				9DF7620A1D5063130080F562 /* Swipe3ClassViewController.swift in Sources */,
				4B15698C1D6E089F00B63DF5 /* Operations.swift in Sources */,
				4B47D3A61D7209CC00F856EE /* NewViewController.swift in Sources */,
				9DF7620C1D5065220080F562 /* InformationClassViewController.swift in Sources */,
				9DF761CE1D50339F0080F562 /* AppDelegate.swift in Sources */,
				4B47D3AC1D724BC100F856EE /* BigImageViewController.swift in Sources */,
				4B47D3A81D720B0000F856EE /* ComercialesViewController.swift in Sources */,
				9DF7620E1D5440090080F562 /* BarCodeViewController.swift in Sources */,
			);
			runOnlyForDeploymentPostprocessing = 0;
		};
		9DF761DE1D50339F0080F562 /* Sources */ = {
			isa = PBXSourcesBuildPhase;
			buildActionMask = 2147483647;
			files = (
				9DF761E71D50339F0080F562 /* AXSTests.swift in Sources */,
			);
			runOnlyForDeploymentPostprocessing = 0;
		};
		9DF761E91D50339F0080F562 /* Sources */ = {
			isa = PBXSourcesBuildPhase;
			buildActionMask = 2147483647;
			files = (
				9DF761F21D50339F0080F562 /* AXSUITests.swift in Sources */,
			);
			runOnlyForDeploymentPostprocessing = 0;
		};
/* End PBXSourcesBuildPhase section */

/* Begin PBXTargetDependency section */
		9DF761E41D50339F0080F562 /* PBXTargetDependency */ = {
			isa = PBXTargetDependency;
			target = 9DF761C91D50339F0080F562 /* AXS */;
			targetProxy = 9DF761E31D50339F0080F562 /* PBXContainerItemProxy */;
		};
		9DF761EF1D50339F0080F562 /* PBXTargetDependency */ = {
			isa = PBXTargetDependency;
			target = 9DF761C91D50339F0080F562 /* AXS */;
			targetProxy = 9DF761EE1D50339F0080F562 /* PBXContainerItemProxy */;
		};
/* End PBXTargetDependency section */

/* Begin PBXVariantGroup section */
		9DF761D51D50339F0080F562 /* Main.storyboard */ = {
			isa = PBXVariantGroup;
			children = (
				9DF761D61D50339F0080F562 /* Base */,
			);
			name = Main.storyboard;
			sourceTree = "<group>";
		};
		9DF761DA1D50339F0080F562 /* LaunchScreen.storyboard */ = {
			isa = PBXVariantGroup;
			children = (
				9DF761DB1D50339F0080F562 /* Base */,
			);
			name = LaunchScreen.storyboard;
			sourceTree = "<group>";
		};
/* End PBXVariantGroup section */

/* Begin XCBuildConfiguration section */
		9DF761F41D50339F0080F562 /* Debug */ = {
			isa = XCBuildConfiguration;
			buildSettings = {
				ALWAYS_SEARCH_USER_PATHS = NO;
				CLANG_ANALYZER_NONNULL = YES;
				CLANG_CXX_LANGUAGE_STANDARD = "gnu++0x";
				CLANG_CXX_LIBRARY = "libc++";
				CLANG_ENABLE_MODULES = YES;
				CLANG_ENABLE_OBJC_ARC = YES;
				CLANG_WARN_BOOL_CONVERSION = YES;
				CLANG_WARN_CONSTANT_CONVERSION = YES;
				CLANG_WARN_DIRECT_OBJC_ISA_USAGE = YES_ERROR;
				CLANG_WARN_EMPTY_BODY = YES;
				CLANG_WARN_ENUM_CONVERSION = YES;
				CLANG_WARN_INT_CONVERSION = YES;
				CLANG_WARN_OBJC_ROOT_CLASS = YES_ERROR;
				CLANG_WARN_UNREACHABLE_CODE = YES;
				CLANG_WARN__DUPLICATE_METHOD_MATCH = YES;
				"CODE_SIGN_IDENTITY[sdk=iphoneos*]" = "iPhone Developer";
				COPY_PHASE_STRIP = NO;
				DEBUG_INFORMATION_FORMAT = dwarf;
				ENABLE_STRICT_OBJC_MSGSEND = YES;
				ENABLE_TESTABILITY = YES;
				GCC_C_LANGUAGE_STANDARD = gnu99;
				GCC_DYNAMIC_NO_PIC = NO;
				GCC_NO_COMMON_BLOCKS = YES;
				GCC_OPTIMIZATION_LEVEL = 0;
				GCC_PREPROCESSOR_DEFINITIONS = (
					"DEBUG=1",
					"$(inherited)",
				);
				GCC_WARN_64_TO_32_BIT_CONVERSION = YES;
				GCC_WARN_ABOUT_RETURN_TYPE = YES_ERROR;
				GCC_WARN_UNDECLARED_SELECTOR = YES;
				GCC_WARN_UNINITIALIZED_AUTOS = YES_AGGRESSIVE;
				GCC_WARN_UNUSED_FUNCTION = YES;
				GCC_WARN_UNUSED_VARIABLE = YES;
				IPHONEOS_DEPLOYMENT_TARGET = 9.3;
				MTL_ENABLE_DEBUG_INFO = YES;
				ONLY_ACTIVE_ARCH = YES;
				SDKROOT = iphoneos;
				SWIFT_OPTIMIZATION_LEVEL = "-Onone";
			};
			name = Debug;
		};
		9DF761F51D50339F0080F562 /* Release */ = {
			isa = XCBuildConfiguration;
			buildSettings = {
				ALWAYS_SEARCH_USER_PATHS = NO;
				CLANG_ANALYZER_NONNULL = YES;
				CLANG_CXX_LANGUAGE_STANDARD = "gnu++0x";
				CLANG_CXX_LIBRARY = "libc++";
				CLANG_ENABLE_MODULES = YES;
				CLANG_ENABLE_OBJC_ARC = YES;
				CLANG_WARN_BOOL_CONVERSION = YES;
				CLANG_WARN_CONSTANT_CONVERSION = YES;
				CLANG_WARN_DIRECT_OBJC_ISA_USAGE = YES_ERROR;
				CLANG_WARN_EMPTY_BODY = YES;
				CLANG_WARN_ENUM_CONVERSION = YES;
				CLANG_WARN_INT_CONVERSION = YES;
				CLANG_WARN_OBJC_ROOT_CLASS = YES_ERROR;
				CLANG_WARN_UNREACHABLE_CODE = YES;
				CLANG_WARN__DUPLICATE_METHOD_MATCH = YES;
				"CODE_SIGN_IDENTITY[sdk=iphoneos*]" = "iPhone Developer";
				COPY_PHASE_STRIP = NO;
				DEBUG_INFORMATION_FORMAT = "dwarf-with-dsym";
				ENABLE_NS_ASSERTIONS = NO;
				ENABLE_STRICT_OBJC_MSGSEND = YES;
				GCC_C_LANGUAGE_STANDARD = gnu99;
				GCC_NO_COMMON_BLOCKS = YES;
				GCC_WARN_64_TO_32_BIT_CONVERSION = YES;
				GCC_WARN_ABOUT_RETURN_TYPE = YES_ERROR;
				GCC_WARN_UNDECLARED_SELECTOR = YES;
				GCC_WARN_UNINITIALIZED_AUTOS = YES_AGGRESSIVE;
				GCC_WARN_UNUSED_FUNCTION = YES;
				GCC_WARN_UNUSED_VARIABLE = YES;
				IPHONEOS_DEPLOYMENT_TARGET = 9.3;
				MTL_ENABLE_DEBUG_INFO = NO;
				SDKROOT = iphoneos;
				VALIDATE_PRODUCT = YES;
			};
			name = Release;
		};
		9DF761F71D50339F0080F562 /* Debug */ = {
			isa = XCBuildConfiguration;
			baseConfigurationReference = 5315F6AB10E058212A49CC09 /* Pods-AXS.debug.xcconfig */;
			buildSettings = {
				ASSETCATALOG_COMPILER_APPICON_NAME = AppIcon;
				CODE_SIGN_IDENTITY = "iPhone Developer";
				"CODE_SIGN_IDENTITY[sdk=iphoneos*]" = "iPhone Developer";
				INFOPLIST_FILE = AXS/Info.plist;
				IPHONEOS_DEPLOYMENT_TARGET = 8.3;
				LD_RUNPATH_SEARCH_PATHS = "$(inherited) @executable_path/Frameworks";
				PRODUCT_BUNDLE_IDENTIFIER = com.KoffeTime.AXS;
				PRODUCT_NAME = "$(TARGET_NAME)";
				PROVISIONING_PROFILE = "";
			};
			name = Debug;
		};
		9DF761F81D50339F0080F562 /* Release */ = {
			isa = XCBuildConfiguration;
			baseConfigurationReference = F92DE344932F534DDEB0431C /* Pods-AXS.release.xcconfig */;
			buildSettings = {
				ASSETCATALOG_COMPILER_APPICON_NAME = AppIcon;
				CODE_SIGN_IDENTITY = "iPhone Developer";
				"CODE_SIGN_IDENTITY[sdk=iphoneos*]" = "iPhone Developer";
				INFOPLIST_FILE = AXS/Info.plist;
				IPHONEOS_DEPLOYMENT_TARGET = 8.3;
				LD_RUNPATH_SEARCH_PATHS = "$(inherited) @executable_path/Frameworks";
				PRODUCT_BUNDLE_IDENTIFIER = com.KoffeTime.AXS;
				PRODUCT_NAME = "$(TARGET_NAME)";
				PROVISIONING_PROFILE = "";
			};
			name = Release;
		};
		9DF761FA1D50339F0080F562 /* Debug */ = {
			isa = XCBuildConfiguration;
			baseConfigurationReference = F219EF9581617D0D30B6DB52 /* Pods-AXSTests.debug.xcconfig */;
			buildSettings = {
				BUNDLE_LOADER = "$(TEST_HOST)";
				INFOPLIST_FILE = AXSTests/Info.plist;
				LD_RUNPATH_SEARCH_PATHS = "$(inherited) @executable_path/Frameworks @loader_path/Frameworks";
				PRODUCT_BUNDLE_IDENTIFIER = com.KoffeTime.AXSTests;
				PRODUCT_NAME = "$(TARGET_NAME)";
				TEST_HOST = "$(BUILT_PRODUCTS_DIR)/AXS.app/AXS";
			};
			name = Debug;
		};
		9DF761FB1D50339F0080F562 /* Release */ = {
			isa = XCBuildConfiguration;
			baseConfigurationReference = 6A80FE129F2E8C438313459C /* Pods-AXSTests.release.xcconfig */;
			buildSettings = {
				BUNDLE_LOADER = "$(TEST_HOST)";
				INFOPLIST_FILE = AXSTests/Info.plist;
				LD_RUNPATH_SEARCH_PATHS = "$(inherited) @executable_path/Frameworks @loader_path/Frameworks";
				PRODUCT_BUNDLE_IDENTIFIER = com.KoffeTime.AXSTests;
				PRODUCT_NAME = "$(TARGET_NAME)";
				TEST_HOST = "$(BUILT_PRODUCTS_DIR)/AXS.app/AXS";
			};
			name = Release;
		};
		9DF761FD1D50339F0080F562 /* Debug */ = {
			isa = XCBuildConfiguration;
			baseConfigurationReference = 31D7CB3D704D3F6C123E3DF6 /* Pods-AXSUITests.debug.xcconfig */;
			buildSettings = {
				INFOPLIST_FILE = AXSUITests/Info.plist;
				LD_RUNPATH_SEARCH_PATHS = "$(inherited) @executable_path/Frameworks @loader_path/Frameworks";
				PRODUCT_BUNDLE_IDENTIFIER = com.KoffeTime.AXSUITests;
				PRODUCT_NAME = "$(TARGET_NAME)";
				TEST_TARGET_NAME = AXS;
			};
			name = Debug;
		};
		9DF761FE1D50339F0080F562 /* Release */ = {
			isa = XCBuildConfiguration;
			baseConfigurationReference = 1D6E825A8C0C80C2CDEA305A /* Pods-AXSUITests.release.xcconfig */;
			buildSettings = {
				INFOPLIST_FILE = AXSUITests/Info.plist;
				LD_RUNPATH_SEARCH_PATHS = "$(inherited) @executable_path/Frameworks @loader_path/Frameworks";
				PRODUCT_BUNDLE_IDENTIFIER = com.KoffeTime.AXSUITests;
				PRODUCT_NAME = "$(TARGET_NAME)";
				TEST_TARGET_NAME = AXS;
			};
			name = Release;
		};
/* End XCBuildConfiguration section */

/* Begin XCConfigurationList section */
		9DF761C51D50339F0080F562 /* Build configuration list for PBXProject "AXS" */ = {
			isa = XCConfigurationList;
			buildConfigurations = (
				9DF761F41D50339F0080F562 /* Debug */,
				9DF761F51D50339F0080F562 /* Release */,
			);
			defaultConfigurationIsVisible = 0;
			defaultConfigurationName = Release;
		};
		9DF761F61D50339F0080F562 /* Build configuration list for PBXNativeTarget "AXS" */ = {
			isa = XCConfigurationList;
			buildConfigurations = (
				9DF761F71D50339F0080F562 /* Debug */,
				9DF761F81D50339F0080F562 /* Release */,
			);
			defaultConfigurationIsVisible = 0;
			defaultConfigurationName = Release;
		};
		9DF761F91D50339F0080F562 /* Build configuration list for PBXNativeTarget "AXSTests" */ = {
			isa = XCConfigurationList;
			buildConfigurations = (
				9DF761FA1D50339F0080F562 /* Debug */,
				9DF761FB1D50339F0080F562 /* Release */,
			);
			defaultConfigurationIsVisible = 0;
			defaultConfigurationName = Release;
		};
		9DF761FC1D50339F0080F562 /* Build configuration list for PBXNativeTarget "AXSUITests" */ = {
			isa = XCConfigurationList;
			buildConfigurations = (
				9DF761FD1D50339F0080F562 /* Debug */,
				9DF761FE1D50339F0080F562 /* Release */,
			);
			defaultConfigurationIsVisible = 0;
			defaultConfigurationName = Release;
		};
/* End XCConfigurationList section */
	};
	rootObject = 9DF761C21D50339F0080F562 /* Project object */;
}
